
Microsoft Visual Studio Solution File, Format Version 12.00
# Visual Studio Version 17
VisualStudioVersion = 17.7.34031.279
MinimumVisualStudioVersion = 10.0.40219.1
Project("{FAE04EC0-301F-11D3-BF4B-00C04F79EFBC}") = "try_catch", "try_catch\try_catch.csproj", "{C2096AC6-9209-477D-80D0-636105E47374}"
EndProject
Global
	GlobalSection(SolutionConfigurationPlatforms) = preSolution
		Debug|Any CPU = Debug|Any CPU
		Release|Any CPU = Release|Any CPU
	EndGlobalSection
	GlobalSection(ProjectConfigurationPlatforms) = postSolution
		{C2096AC6-9209-477D-80D0-636105E47374}.Debug|Any CPU.ActiveCfg = Debug|Any CPU
		{C2096AC6-9209-477D-80D0-636105E47374}.Debug|Any CPU.Build.0 = Debug|Any CPU
		{C2096AC6-9209-477D-80D0-636105E47374}.Release|Any CPU.ActiveCfg = Release|Any CPU
		{C2096AC6-9209-477D-80D0-636105E47374}.Release|Any CPU.Build.0 = Release|Any CPU
	EndGlobalSection
	GlobalSection(SolutionProperties) = preSolution
		HideSolutionNode = FALSE
	EndGlobalSection
	GlobalSection(ExtensibilityGlobals) = postSolution
		SolutionGuid = {1A484498-D0B9-4E95-ADA8-9E628EF5AB4F}
	EndGlobalSection
EndGlobal
